
Microsoft Visual Studio Solution File, Format Version 12.00
# Visual Studio 15
VisualStudioVersion = 15.0.28010.2041
MinimumVisualStudioVersion = 10.0.40219.1
Project("{FAE04EC0-301F-11D3-BF4B-00C04F79EFBC}") = "Core.Common", "Core.Common\Core.Common.csproj", "{8D1442AE-C42E-4789-ABEE-1995092D0DA6}"
EndProject
Project("{FAE04EC0-301F-11D3-BF4B-00C04F79EFBC}") = "Core.Sms", "Core.Sms\Core.Sms.csproj", "{CE44E8E2-FB1B-45E5-A258-8AAF6835781F}"
EndProject
Project("{FAE04EC0-301F-11D3-BF4B-00C04F79EFBC}") = "Core.Swagger", "Core.Swagger\Core.Swagger.csproj", "{EEB26480-4025-474A-BE5A-3F5FE65EF80B}"
EndProject
Global
	GlobalSection(SolutionConfigurationPlatforms) = preSolution
		Debug|Any CPU = Debug|Any CPU
		Release|Any CPU = Release|Any CPU
	EndGlobalSection
	GlobalSection(ProjectConfigurationPlatforms) = postSolution
		{8D1442AE-C42E-4789-ABEE-1995092D0DA6}.Debug|Any CPU.ActiveCfg = Debug|Any CPU
		{8D1442AE-C42E-4789-ABEE-1995092D0DA6}.Debug|Any CPU.Build.0 = Debug|Any CPU
		{8D1442AE-C42E-4789-ABEE-1995092D0DA6}.Release|Any CPU.ActiveCfg = Release|Any CPU
		{8D1442AE-C42E-4789-ABEE-1995092D0DA6}.Release|Any CPU.Build.0 = Release|Any CPU
		{CE44E8E2-FB1B-45E5-A258-8AAF6835781F}.Debug|Any CPU.ActiveCfg = Debug|Any CPU
		{CE44E8E2-FB1B-45E5-A258-8AAF6835781F}.Debug|Any CPU.Build.0 = Debug|Any CPU
		{CE44E8E2-FB1B-45E5-A258-8AAF6835781F}.Release|Any CPU.ActiveCfg = Release|Any CPU
		{CE44E8E2-FB1B-45E5-A258-8AAF6835781F}.Release|Any CPU.Build.0 = Release|Any CPU
		{EEB26480-4025-474A-BE5A-3F5FE65EF80B}.Debug|Any CPU.ActiveCfg = Debug|Any CPU
		{EEB26480-4025-474A-BE5A-3F5FE65EF80B}.Debug|Any CPU.Build.0 = Debug|Any CPU
		{EEB26480-4025-474A-BE5A-3F5FE65EF80B}.Release|Any CPU.ActiveCfg = Release|Any CPU
		{EEB26480-4025-474A-BE5A-3F5FE65EF80B}.Release|Any CPU.Build.0 = Release|Any CPU
	EndGlobalSection
	GlobalSection(SolutionProperties) = preSolution
		HideSolutionNode = FALSE
	EndGlobalSection
	GlobalSection(ExtensibilityGlobals) = postSolution
		SolutionGuid = {E33258D9-5DE3-4A4A-A2EF-2CC2628F1E3C}
	EndGlobalSection
EndGlobal
